// !$*UTF8*$!
{
	archiveVersion = 1;
	classes = {
	};
	objectVersion = 46;
	objects = {

/* Begin PBXBuildFile section */
		52B32DAC1FA49D7000C3B2ED /* main.cpp in Sources */ = {isa = PBXBuildFile; fileRef = 52B32DAB1FA49D7000C3B2ED /* main.cpp */; };
		52B32DB41FA4A8FA00C3B2ED /* prototypes.cpp in Sources */ = {isa = PBXBuildFile; fileRef = 52B32DB21FA4A8FA00C3B2ED /* prototypes.cpp */; };
		52B32DBC1FA4B0B600C3B2ED /* functions.cpp in Sources */ = {isa = PBXBuildFile; fileRef = 52B32DBA1FA4B0B600C3B2ED /* functions.cpp */; };
/* End PBXBuildFile section */

/* Begin PBXCopyFilesBuildPhase section */
		52B32DA61FA49D7000C3B2ED /* CopyFiles */ = {
			isa = PBXCopyFilesBuildPhase;
			buildActionMask = 2147483647;
			dstPath = /usr/share/man/man1/;
			dstSubfolderSpec = 0;
			files = (
			);
			runOnlyForDeploymentPostprocessing = 1;
		};
/* End PBXCopyFilesBuildPhase section */

/* Begin PBXFileReference section */
		52B32DA81FA49D7000C3B2ED /* Lab4 */ = {isa = PBXFileReference; explicitFileType = "compiled.mach-o.executable"; includeInIndex = 0; path = Lab4; sourceTree = BUILT_PRODUCTS_DIR; };
		52B32DAB1FA49D7000C3B2ED /* main.cpp */ = {isa = PBXFileReference; lastKnownFileType = sourcecode.cpp.cpp; path = main.cpp; sourceTree = "<group>"; };
		52B32DB21FA4A8FA00C3B2ED /* prototypes.cpp */ = {isa = PBXFileReference; fileEncoding = 4; lastKnownFileType = sourcecode.cpp.cpp; path = prototypes.cpp; sourceTree = "<group>"; };
		52B32DB31FA4A8FA00C3B2ED /* prototypes.hpp */ = {isa = PBXFileReference; fileEncoding = 4; lastKnownFileType = sourcecode.cpp.h; path = prototypes.hpp; sourceTree = "<group>"; };
		52B32DB81FA4AAAC00C3B2ED /* stdafx.hpp */ = {isa = PBXFileReference; lastKnownFileType = sourcecode.cpp.h; path = stdafx.hpp; sourceTree = "<group>"; };
		52B32DBA1FA4B0B600C3B2ED /* functions.cpp */ = {isa = PBXFileReference; fileEncoding = 4; lastKnownFileType = sourcecode.cpp.cpp; path = functions.cpp; sourceTree = "<group>"; };
		52B32DBB1FA4B0B600C3B2ED /* functions.hpp */ = {isa = PBXFileReference; fileEncoding = 4; lastKnownFileType = sourcecode.cpp.h; path = functions.hpp; sourceTree = "<group>"; };
/* End PBXFileReference section */

/* Begin PBXFrameworksBuildPhase section */
		52B32DA51FA49D7000C3B2ED /* Frameworks */ = {
			isa = PBXFrameworksBuildPhase;
			buildActionMask = 2147483647;
			files = (
			);
			runOnlyForDeploymentPostprocessing = 0;
		};
/* End PBXFrameworksBuildPhase section */

/* Begin PBXGroup section */
		52B32D9F1FA49D7000C3B2ED = {
			isa = PBXGroup;
			children = (
				52B32DAA1FA49D7000C3B2ED /* Lab4 */,
				52B32DA91FA49D7000C3B2ED /* Products */,
			);
			sourceTree = "<group>";
		};
		52B32DA91FA49D7000C3B2ED /* Products */ = {
			isa = PBXGroup;
			children = (
				52B32DA81FA49D7000C3B2ED /* Lab4 */,
			);
			name = Products;
			sourceTree = "<group>";
		};
		52B32DAA1FA49D7000C3B2ED /* Lab4 */ = {
			isa = PBXGroup;
			children = (
				52B32DAB1FA49D7000C3B2ED /* main.cpp */,
				52B32DB21FA4A8FA00C3B2ED /* prototypes.cpp */,
				52B32DB31FA4A8FA00C3B2ED /* prototypes.hpp */,
				52B32DB81FA4AAAC00C3B2ED /* stdafx.hpp */,
				52B32DBA1FA4B0B600C3B2ED /* functions.cpp */,
				52B32DBB1FA4B0B600C3B2ED /* functions.hpp */,
			);
			path = Lab4;
			sourceTree = "<group>";
		};
/* End PBXGroup section */

/* Begin PBXNativeTarget section */
		52B32DA71FA49D7000C3B2ED /* Lab4 */ = {
			isa = PBXNativeTarget;
			buildConfigurationList = 52B32DAF1FA49D7000C3B2ED /* Build configuration list for PBXNativeTarget "Lab4" */;
			buildPhases = (
				52B32DA41FA49D7000C3B2ED /* Sources */,
				52B32DA51FA49D7000C3B2ED /* Frameworks */,
				52B32DA61FA49D7000C3B2ED /* CopyFiles */,
			);
			buildRules = (
			);
			dependencies = (
			);
			name = Lab4;
			productName = Lab4;
			productReference = 52B32DA81FA49D7000C3B2ED /* Lab4 */;
			productType = "com.apple.product-type.tool";
		};
/* End PBXNativeTarget section */

/* Begin PBXProject section */
		52B32DA01FA49D7000C3B2ED /* Project object */ = {
			isa = PBXProject;
			attributes = {
				LastUpgradeCheck = 0820;
				ORGANIZATIONNAME = "Kushka Misha";
				TargetAttributes = {
					52B32DA71FA49D7000C3B2ED = {
						CreatedOnToolsVersion = 8.2.1;
						ProvisioningStyle = Automatic;
					};
				};
			};
			buildConfigurationList = 52B32DA31FA49D7000C3B2ED /* Build configuration list for PBXProject "Lab4" */;
			compatibilityVersion = "Xcode 3.2";
			developmentRegion = English;
			hasScannedForEncodings = 0;
			knownRegions = (
				en,
			);
			mainGroup = 52B32D9F1FA49D7000C3B2ED;
			productRefGroup = 52B32DA91FA49D7000C3B2ED /* Products */;
			projectDirPath = "";
			projectRoot = "";
			targets = (
				52B32DA71FA49D7000C3B2ED /* Lab4 */,
			);
		};
/* End PBXProject section */

/* Begin PBXSourcesBuildPhase section */
		52B32DA41FA49D7000C3B2ED /* Sources */ = {
			isa = PBXSourcesBuildPhase;
			buildActionMask = 2147483647;
			files = (
				52B32DB41FA4A8FA00C3B2ED /* prototypes.cpp in Sources */,
				52B32DBC1FA4B0B600C3B2ED /* functions.cpp in Sources */,
				52B32DAC1FA49D7000C3B2ED /* main.cpp in Sources */,
			);
			runOnlyForDeploymentPostprocessing = 0;
		};
/* End PBXSourcesBuildPhase section */

/* Begin XCBuildConfiguration section */
		52B32DAD1FA49D7000C3B2ED /* Debug */ = {
			isa = XCBuildConfiguration;
			buildSettings = {
				ALWAYS_SEARCH_USER_PATHS = NO;
				CLANG_ANALYZER_NONNULL = YES;
				CLANG_CXX_LANGUAGE_STANDARD = "gnu++0x";
				CLANG_CXX_LIBRARY = "libc++";
				CLANG_ENABLE_MODULES = YES;
				CLANG_ENABLE_OBJC_ARC = YES;
				CLANG_WARN_BOOL_CONVERSION = YES;
				CLANG_WARN_CONSTANT_CONVERSION = YES;
				CLANG_WARN_DIRECT_OBJC_ISA_USAGE = YES_ERROR;
				CLANG_WARN_DOCUMENTATION_COMMENTS = YES;
				CLANG_WARN_EMPTY_BODY = YES;
				CLANG_WARN_ENUM_CONVERSION = YES;
				CLANG_WARN_INFINITE_RECURSION = YES;
				CLANG_WARN_INT_CONVERSION = YES;
				CLANG_WARN_OBJC_ROOT_CLASS = YES_ERROR;
				CLANG_WARN_SUSPICIOUS_MOVE = YES;
				CLANG_WARN_UNREACHABLE_CODE = YES;
				CLANG_WARN__DUPLICATE_METHOD_MATCH = YES;
				CODE_SIGN_IDENTITY = "-";
				COPY_PHASE_STRIP = NO;
				DEBUG_INFORMATION_FORMAT = dwarf;
				ENABLE_STRICT_OBJC_MSGSEND = YES;
				ENABLE_TESTABILITY = YES;
				GCC_C_LANGUAGE_STANDARD = gnu99;
				GCC_DYNAMIC_NO_PIC = NO;
				GCC_NO_COMMON_BLOCKS = YES;
				GCC_OPTIMIZATION_LEVEL = 0;
				GCC_PREPROCESSOR_DEFINITIONS = (
					"DEBUG=1",
					"$(inherited)",
				);
				GCC_WARN_64_TO_32_BIT_CONVERSION = YES;
				GCC_WARN_ABOUT_RETURN_TYPE = YES_ERROR;
				GCC_WARN_UNDECLARED_SELECTOR = YES;
				GCC_WARN_UNINITIALIZED_AUTOS = YES_AGGRESSIVE;
				GCC_WARN_UNUSED_FUNCTION = YES;
				GCC_WARN_UNUSED_VARIABLE = YES;
				MACOSX_DEPLOYMENT_TARGET = 10.11;
				MTL_ENABLE_DEBUG_INFO = YES;
				ONLY_ACTIVE_ARCH = YES;
				SDKROOT = macosx;
			};
			name = Debug;
		};
		52B32DAE1FA49D7000C3B2ED /* Release */ = {
			isa = XCBuildConfiguration;
			buildSettings = {
				ALWAYS_SEARCH_USER_PATHS = NO;
				CLANG_ANALYZER_NONNULL = YES;
				CLANG_CXX_LANGUAGE_STANDARD = "gnu++0x";
				CLANG_CXX_LIBRARY = "libc++";
				CLANG_ENABLE_MODULES = YES;
				CLANG_ENABLE_OBJC_ARC = YES;
				CLANG_WARN_BOOL_CONVERSION = YES;
				CLANG_WARN_CONSTANT_CONVERSION = YES;
				CLANG_WARN_DIRECT_OBJC_ISA_USAGE = YES_ERROR;
				CLANG_WARN_DOCUMENTATION_COMMENTS = YES;
				CLANG_WARN_EMPTY_BODY = YES;
				CLANG_WARN_ENUM_CONVERSION = YES;
				CLANG_WARN_INFINITE_RECURSION = YES;
				CLANG_WARN_INT_CONVERSION = YES;
				CLANG_WARN_OBJC_ROOT_CLASS = YES_ERROR;
				CLANG_WARN_SUSPICIOUS_MOVE = YES;
				CLANG_WARN_UNREACHABLE_CODE = YES;
				CLANG_WARN__DUPLICATE_METHOD_MATCH = YES;
				CODE_SIGN_IDENTITY = "-";
				COPY_PHASE_STRIP = NO;
				DEBUG_INFORMATION_FORMAT = "dwarf-with-dsym";
				ENABLE_NS_ASSERTIONS = NO;
				ENABLE_STRICT_OBJC_MSGSEND = YES;
				GCC_C_LANGUAGE_STANDARD = gnu99;
				GCC_NO_COMMON_BLOCKS = YES;
				GCC_WARN_64_TO_32_BIT_CONVERSION = YES;
				GCC_WARN_ABOUT_RETURN_TYPE = YES_ERROR;
				GCC_WARN_UNDECLARED_SELECTOR = YES;
				GCC_WARN_UNINITIALIZED_AUTOS = YES_AGGRESSIVE;
				GCC_WARN_UNUSED_FUNCTION = YES;
				GCC_WARN_UNUSED_VARIABLE = YES;
				MACOSX_DEPLOYMENT_TARGET = 10.11;
				MTL_ENABLE_DEBUG_INFO = NO;
				SDKROOT = macosx;
			};
			name = Release;
		};
		52B32DB01FA49D7000C3B2ED /* Debug */ = {
			isa = XCBuildConfiguration;
			buildSettings = {
				PRODUCT_NAME = "$(TARGET_NAME)";
			};
			name = Debug;
		};
		52B32DB11FA49D7000C3B2ED /* Release */ = {
			isa = XCBuildConfiguration;
			buildSettings = {
				PRODUCT_NAME = "$(TARGET_NAME)";
			};
			name = Release;
		};
/* End XCBuildConfiguration section */

/* Begin XCConfigurationList section */
		52B32DA31FA49D7000C3B2ED /* Build configuration list for PBXProject "Lab4" */ = {
			isa = XCConfigurationList;
			buildConfigurations = (
				52B32DAD1FA49D7000C3B2ED /* Debug */,
				52B32DAE1FA49D7000C3B2ED /* Release */,
			);
			defaultConfigurationIsVisible = 0;
			defaultConfigurationName = Release;
		};
		52B32DAF1FA49D7000C3B2ED /* Build configuration list for PBXNativeTarget "Lab4" */ = {
			isa = XCConfigurationList;
			buildConfigurations = (
				52B32DB01FA49D7000C3B2ED /* Debug */,
				52B32DB11FA49D7000C3B2ED /* Release */,
			);
			defaultConfigurationIsVisible = 0;
		};
/* End XCConfigurationList section */
	};
	rootObject = 52B32DA01FA49D7000C3B2ED /* Project object */;
}
